{
  "name": "demo-oldria",
  "version": "1.0.0",
  "lockfileVersion": 3,
  "requires": true,
  "packages": {
    "": {
      "name": "demo-oldria",
      "version": "1.0.0",
      "dependencies": {
        "@luciad/ria": "^2025.0.14"
      }
    },
    "node_modules/@luciad/ria": {
      "version": "2025.0.18",
      "resolved": "https://artifactory.hexagon.com/artifactory/api/npm/hlcd01-product_release_npm/@luciad/ria/-/@luciad/ria-2025.0.18.tgz",
      "integrity": "sha512-WOVv+hFpVh6Q9LWl5WN3MzGIk9A43LOiwpYyWJ/rNa5OJuPoA53ih2DmavoZu56MqeC7PXCg2UtSlbhifhj6Tw==",
      "license": "SEE LICENSE IN LICENSE.TXT"
    }
  }
}
