{
  "name": "demo-luciadria",
  "version": "1.0.0",
  "lockfileVersion": 3,
  "requires": true,
  "packages": {
    "": {
      "name": "demo-luciadria",
      "version": "1.0.0",
      "dependencies": {
        "@luciad/ria": "^2026.0.7"
      }
    },
    "node_modules/@luciad/ria": {
      "version": "2026.0.7",
      "resolved": "https://artifactory.hexagon.com/artifactory/api/npm/hlcd01-product_release_npm/@luciad/ria/-/@luciad/ria-2026.0.7.tgz",
      "integrity": "sha512-fu3hqTgrHkvPzdA1Hbrx1xd4HcJrArs4//j6chqrXbHJgUis4ROlSTsJi8kCIeI2AuKTYICehciN/1CP7HupBg==",
      "license": "SEE LICENSE IN LICENSE.TXT"
    }
  }
}
